
Microsoft Visual Studio Solution File, Format Version 12.00
# Visual Studio Version 16
VisualStudioVersion = 16.0.31911.196
MinimumVisualStudioVersion = 10.0.40219.1
Project("{FAE04EC0-301F-11D3-BF4B-00C04F79EFBC}") = "AppLifecycleTutorial.Android", "AppLifecycleTutorial\AppLifecycleTutorial.Android\AppLifecycleTutorial.Android.csproj", "{FFF03171-A468-4A64-B40F-E8F9B1005432}"
EndProject
Project("{FAE04EC0-301F-11D3-BF4B-00C04F79EFBC}") = "AppLifecycleTutorial", "AppLifecycleTutorial\AppLifecycleTutorial\AppLifecycleTutorial.csproj", "{ED5B6423-0CF0-4F5F-9B52-531AF49364CE}"
EndProject
Global
	GlobalSection(SolutionConfigurationPlatforms) = preSolution
		Debug|Any CPU = Debug|Any CPU
		Release|Any CPU = Release|Any CPU
	EndGlobalSection
	GlobalSection(ProjectConfigurationPlatforms) = postSolution
		{FFF03171-A468-4A64-B40F-E8F9B1005432}.Debug|Any CPU.ActiveCfg = Debug|Any CPU
		{FFF03171-A468-4A64-B40F-E8F9B1005432}.Debug|Any CPU.Build.0 = Debug|Any CPU
		{FFF03171-A468-4A64-B40F-E8F9B1005432}.Debug|Any CPU.Deploy.0 = Debug|Any CPU
		{FFF03171-A468-4A64-B40F-E8F9B1005432}.Release|Any CPU.ActiveCfg = Release|Any CPU
		{FFF03171-A468-4A64-B40F-E8F9B1005432}.Release|Any CPU.Build.0 = Release|Any CPU
		{FFF03171-A468-4A64-B40F-E8F9B1005432}.Release|Any CPU.Deploy.0 = Release|Any CPU
		{ED5B6423-0CF0-4F5F-9B52-531AF49364CE}.Debug|Any CPU.ActiveCfg = Debug|Any CPU
		{ED5B6423-0CF0-4F5F-9B52-531AF49364CE}.Debug|Any CPU.Build.0 = Debug|Any CPU
		{ED5B6423-0CF0-4F5F-9B52-531AF49364CE}.Debug|Any CPU.Deploy.0 = Debug|Any CPU
		{ED5B6423-0CF0-4F5F-9B52-531AF49364CE}.Release|Any CPU.ActiveCfg = Release|Any CPU
		{ED5B6423-0CF0-4F5F-9B52-531AF49364CE}.Release|Any CPU.Build.0 = Release|Any CPU
		{ED5B6423-0CF0-4F5F-9B52-531AF49364CE}.Release|Any CPU.Deploy.0 = Release|Any CPU
	EndGlobalSection
	GlobalSection(SolutionProperties) = preSolution
		HideSolutionNode = FALSE
	EndGlobalSection
	GlobalSection(ExtensibilityGlobals) = postSolution
		SolutionGuid = {503F5E33-148B-45E7-A4B6-8D5689DF7C61}
	EndGlobalSection
EndGlobal
